{
  "originHash" : "8019592daa866a8d53eea3af40639a1e6dfb0077484c9d692c16c71721dd0f7b",
  "pins" : [
    {
      "identity" : "swift-syntax",
      "kind" : "remoteSourceControl",
      "location" : "https://github.com/apple/swift-syntax",
      "state" : {
        "revision" : "64889f0c732f210a935a0ad7cda38f77f876262d",
        "version" : "509.1.1"
      }
    },
    {
      "identity" : "swiftui-macros",
      "kind" : "remoteSourceControl",
      "location" : "https://github.com/Wouter01/SwiftUI-Macros.git",
      "state" : {
        "branch" : "main",
        "revision" : "1c544d53727267a7a3e8b4a6728cf2dc88341e0e"
      }
    }
  ],
  "version" : 3
}
